
Microsoft Visual Studio Solution File, Format Version 12.00
# Visual Studio Version 17
VisualStudioVersion = 17.7.34018.315
MinimumVisualStudioVersion = 10.0.40219.1
Project("{9A19103F-16F7-4668-BE54-9A1E7A4F7556}") = "UserService", "UserService\UserService.csproj", "{BF839B08-7B48-45A9-B167-47F4DDC12B1F}"
EndProject
Project("{9A19103F-16F7-4668-BE54-9A1E7A4F7556}") = "APIGateWay", "APIGateWay\APIGateWay.csproj", "{8EDBDAEB-02F7-4478-BE81-381714F7F8DA}"
EndProject
Project("{9A19103F-16F7-4668-BE54-9A1E7A4F7556}") = "ProductServices", "ProductServices\ProductServices.csproj", "{87F3DD8B-A911-49A0-A506-C004B13DB36A}"
EndProject
Project("{E53339B2-1760-4266-BCC7-CA923CBCF16C}") = "docker-compose", "docker-compose.dcproj", "{F53B0B1F-ED9D-41BD-A879-1EB8A7DEBE80}"
EndProject
Project("{9A19103F-16F7-4668-BE54-9A1E7A4F7556}") = "XUnitTest", "..\XUnitTest\XUnitTest.csproj", "{462A4E6D-6131-4960-AECE-D8A79CEB85EB}"
EndProject
Project("{FAE04EC0-301F-11D3-BF4B-00C04F79EFBC}") = "ReactUIdemo", "..\ReactUIdemo\ReactUIdemo.csproj", "{69A16AFF-B26D-4898-ACBB-AC97D29DE584}"
EndProject
Global
	GlobalSection(SolutionConfigurationPlatforms) = preSolution
		Debug|Any CPU = Debug|Any CPU
		Release|Any CPU = Release|Any CPU
	EndGlobalSection
	GlobalSection(ProjectConfigurationPlatforms) = postSolution
		{BF839B08-7B48-45A9-B167-47F4DDC12B1F}.Debug|Any CPU.ActiveCfg = Debug|Any CPU
		{BF839B08-7B48-45A9-B167-47F4DDC12B1F}.Debug|Any CPU.Build.0 = Debug|Any CPU
		{BF839B08-7B48-45A9-B167-47F4DDC12B1F}.Release|Any CPU.ActiveCfg = Release|Any CPU
		{BF839B08-7B48-45A9-B167-47F4DDC12B1F}.Release|Any CPU.Build.0 = Release|Any CPU
		{8EDBDAEB-02F7-4478-BE81-381714F7F8DA}.Debug|Any CPU.ActiveCfg = Debug|Any CPU
		{8EDBDAEB-02F7-4478-BE81-381714F7F8DA}.Debug|Any CPU.Build.0 = Debug|Any CPU
		{8EDBDAEB-02F7-4478-BE81-381714F7F8DA}.Release|Any CPU.ActiveCfg = Release|Any CPU
		{8EDBDAEB-02F7-4478-BE81-381714F7F8DA}.Release|Any CPU.Build.0 = Release|Any CPU
		{87F3DD8B-A911-49A0-A506-C004B13DB36A}.Debug|Any CPU.ActiveCfg = Debug|Any CPU
		{87F3DD8B-A911-49A0-A506-C004B13DB36A}.Debug|Any CPU.Build.0 = Debug|Any CPU
		{87F3DD8B-A911-49A0-A506-C004B13DB36A}.Release|Any CPU.ActiveCfg = Release|Any CPU
		{87F3DD8B-A911-49A0-A506-C004B13DB36A}.Release|Any CPU.Build.0 = Release|Any CPU
		{F53B0B1F-ED9D-41BD-A879-1EB8A7DEBE80}.Debug|Any CPU.ActiveCfg = Debug|Any CPU
		{F53B0B1F-ED9D-41BD-A879-1EB8A7DEBE80}.Debug|Any CPU.Build.0 = Debug|Any CPU
		{F53B0B1F-ED9D-41BD-A879-1EB8A7DEBE80}.Release|Any CPU.ActiveCfg = Release|Any CPU
		{F53B0B1F-ED9D-41BD-A879-1EB8A7DEBE80}.Release|Any CPU.Build.0 = Release|Any CPU
		{462A4E6D-6131-4960-AECE-D8A79CEB85EB}.Debug|Any CPU.ActiveCfg = Debug|Any CPU
		{462A4E6D-6131-4960-AECE-D8A79CEB85EB}.Debug|Any CPU.Build.0 = Debug|Any CPU
		{462A4E6D-6131-4960-AECE-D8A79CEB85EB}.Release|Any CPU.ActiveCfg = Release|Any CPU
		{462A4E6D-6131-4960-AECE-D8A79CEB85EB}.Release|Any CPU.Build.0 = Release|Any CPU
		{69A16AFF-B26D-4898-ACBB-AC97D29DE584}.Debug|Any CPU.ActiveCfg = Debug|Any CPU
		{69A16AFF-B26D-4898-ACBB-AC97D29DE584}.Debug|Any CPU.Build.0 = Debug|Any CPU
		{69A16AFF-B26D-4898-ACBB-AC97D29DE584}.Release|Any CPU.ActiveCfg = Release|Any CPU
		{69A16AFF-B26D-4898-ACBB-AC97D29DE584}.Release|Any CPU.Build.0 = Release|Any CPU
	EndGlobalSection
	GlobalSection(SolutionProperties) = preSolution
		HideSolutionNode = FALSE
	EndGlobalSection
	GlobalSection(ExtensibilityGlobals) = postSolution
		SolutionGuid = {50083206-B73C-40EF-9547-4CD664A69D9F}
	EndGlobalSection
EndGlobal
